// !$*UTF8*$!
{
	archiveVersion = 1;
	classes = {
	};
	objectVersion = 56;
	objects = {

/* Begin PBXBuildFile section */
		521441972F13C3440037EAD5 /* FavoritesViewModel.swift in Sources */ = {isa = PBXBuildFile; fileRef = 521441962F13C3440037EAD5 /* FavoritesViewModel.swift */; };
		521441992F13CC4D0037EAD5 /* ToastView.swift in Sources */ = {isa = PBXBuildFile; fileRef = 521441982F13CC4D0037EAD5 /* ToastView.swift */; };
		5269A4162E40D660005E1001 /* NavigationManager.swift in Sources */ = {isa = PBXBuildFile; fileRef = 5269A4152E40D660005E1001 /* NavigationManager.swift */; };
		526AF8CF2E412F8900D2ECAF /* FavoritesView.swift in Sources */ = {isa = PBXBuildFile; fileRef = 526AF8CE2E412F8900D2ECAF /* FavoritesView.swift */; };
		526AF8D22E4137EA00D2ECAF /* CustomeHeadLine.swift in Sources */ = {isa = PBXBuildFile; fileRef = 526AF8D12E4137EA00D2ECAF /* CustomeHeadLine.swift */; };
		526AF8D42E41385800D2ECAF /* PopularMovieCard.swift in Sources */ = {isa = PBXBuildFile; fileRef = 526AF8D32E41385800D2ECAF /* PopularMovieCard.swift */; };
		526AF8D62E41387900D2ECAF /* NowPlayingMovieCard.swift in Sources */ = {isa = PBXBuildFile; fileRef = 526AF8D52E41387900D2ECAF /* NowPlayingMovieCard.swift */; };
		526AF8D82E4138A800D2ECAF /* TopRatedMovieCard.swift in Sources */ = {isa = PBXBuildFile; fileRef = 526AF8D72E4138A800D2ECAF /* TopRatedMovieCard.swift */; };
		526AF8DA2E413D6600D2ECAF /* NetworkMonitor.swift in Sources */ = {isa = PBXBuildFile; fileRef = 526AF8D92E413D6600D2ECAF /* NetworkMonitor.swift */; };
		526AF8DD2E43534200D2ECAF /* CustomNavigationBar.swift in Sources */ = {isa = PBXBuildFile; fileRef = 526AF8DC2E43534200D2ECAF /* CustomNavigationBar.swift */; };
		526AF8DF2E43535300D2ECAF /* HeaderImageSection.swift in Sources */ = {isa = PBXBuildFile; fileRef = 526AF8DE2E43535300D2ECAF /* HeaderImageSection.swift */; };
		526AF8E12E43536500D2ECAF /* GenresAndRatingSection.swift in Sources */ = {isa = PBXBuildFile; fileRef = 526AF8E02E43536500D2ECAF /* GenresAndRatingSection.swift */; };
		526AF8E32E43537E00D2ECAF /* TitleSection.swift in Sources */ = {isa = PBXBuildFile; fileRef = 526AF8E22E43537E00D2ECAF /* TitleSection.swift */; };
		526AF8E52E43539100D2ECAF /* OverviewSection.swift in Sources */ = {isa = PBXBuildFile; fileRef = 526AF8E42E43539100D2ECAF /* OverviewSection.swift */; };
		526AF8E72E4353A000D2ECAF /* ProductionCompaniesSection.swift in Sources */ = {isa = PBXBuildFile; fileRef = 526AF8E62E4353A000D2ECAF /* ProductionCompaniesSection.swift */; };
		526AF8E92E4353B000D2ECAF /* ActionButtonsSection.swift in Sources */ = {isa = PBXBuildFile; fileRef = 526AF8E82E4353B000D2ECAF /* ActionButtonsSection.swift */; };
		526AF8EB2E4353C600D2ECAF /* GenreChip.swift in Sources */ = {isa = PBXBuildFile; fileRef = 526AF8EA2E4353C600D2ECAF /* GenreChip.swift */; };
		526AF8ED2E4353D600D2ECAF /* RatingChip.swift in Sources */ = {isa = PBXBuildFile; fileRef = 526AF8EC2E4353D600D2ECAF /* RatingChip.swift */; };
		526AF8EF2E4353E400D2ECAF /* ProductionCompanyCard.swift in Sources */ = {isa = PBXBuildFile; fileRef = 526AF8EE2E4353E400D2ECAF /* ProductionCompanyCard.swift */; };
		526AF8F12E4353F500D2ECAF /* InfoCard.swift in Sources */ = {isa = PBXBuildFile; fileRef = 526AF8F02E4353F500D2ECAF /* InfoCard.swift */; };
		526AF8F32E43540700D2ECAF /* LoadingView.swift in Sources */ = {isa = PBXBuildFile; fileRef = 526AF8F22E43540700D2ECAF /* LoadingView.swift */; };
		526AF8F52E43541700D2ECAF /* ErrorView.swift in Sources */ = {isa = PBXBuildFile; fileRef = 526AF8F42E43541700D2ECAF /* ErrorView.swift */; };
		526AF8F82E43544E00D2ECAF /* ShareSheet.swift in Sources */ = {isa = PBXBuildFile; fileRef = 526AF8F72E43544E00D2ECAF /* ShareSheet.swift */; };
		5289B5F72E2E281C00E81674 /* MoviesApp.swift in Sources */ = {isa = PBXBuildFile; fileRef = 5289B5F62E2E281C00E81674 /* MoviesApp.swift */; };
		5289B5FB2E2E281D00E81674 /* Assets.xcassets in Resources */ = {isa = PBXBuildFile; fileRef = 5289B5FA2E2E281D00E81674 /* Assets.xcassets */; };
		5289B5FE2E2E281E00E81674 /* Preview Assets.xcassets in Resources */ = {isa = PBXBuildFile; fileRef = 5289B5FD2E2E281E00E81674 /* Preview Assets.xcassets */; };
		528C3EF82E3257B70073B0ED /* HomeView.swift in Sources */ = {isa = PBXBuildFile; fileRef = 528C3EF72E3257B70073B0ED /* HomeView.swift */; };
		528C3EFB2E3260470073B0ED /* CustomeImageIndicator.swift in Sources */ = {isa = PBXBuildFile; fileRef = 528C3EFA2E3260470073B0ED /* CustomeImageIndicator.swift */; };
		528C3EFD2E3269120073B0ED /* CustomeRate.swift in Sources */ = {isa = PBXBuildFile; fileRef = 528C3EFC2E3269120073B0ED /* CustomeRate.swift */; };
		528C3EFF2E3269530073B0ED /* CustomeItemList.swift in Sources */ = {isa = PBXBuildFile; fileRef = 528C3EFE2E3269530073B0ED /* CustomeItemList.swift */; };
		528C3F032E32707C0073B0ED /* MovieModel.swift in Sources */ = {isa = PBXBuildFile; fileRef = 528C3F022E32707C0073B0ED /* MovieModel.swift */; };
		528C3F062E3271E30073B0ED /* Endpoints.swift in Sources */ = {isa = PBXBuildFile; fileRef = 528C3F052E3271E30073B0ED /* Endpoints.swift */; };
		528C3F082E34FA020073B0ED /* HTTP.swift in Sources */ = {isa = PBXBuildFile; fileRef = 528C3F072E34FA020073B0ED /* HTTP.swift */; };
		528C3F0A2E34FB6A0073B0ED /* APIService.swift in Sources */ = {isa = PBXBuildFile; fileRef = 528C3F092E34FB6A0073B0ED /* APIService.swift */; };
		528C3F0C2E34FB8F0073B0ED /* NetworkManager.swift in Sources */ = {isa = PBXBuildFile; fileRef = 528C3F0B2E34FB8F0073B0ED /* NetworkManager.swift */; };
		528C3F0E2E34FD5D0073B0ED /* MovieViewModel.swift in Sources */ = {isa = PBXBuildFile; fileRef = 528C3F0D2E34FD5D0073B0ED /* MovieViewModel.swift */; };
		528DA5542E367B59001D483A /* ShimmerView.swift in Sources */ = {isa = PBXBuildFile; fileRef = 528DA5532E367B59001D483A /* ShimmerView.swift */; };
		528DA5562E377090001D483A /* NowPlayingViewItem.swift in Sources */ = {isa = PBXBuildFile; fileRef = 528DA5552E377090001D483A /* NowPlayingViewItem.swift */; };
		528DA5582E3779CE001D483A /* TopRatedListView.swift in Sources */ = {isa = PBXBuildFile; fileRef = 528DA5572E3779CE001D483A /* TopRatedListView.swift */; };
		528DA55A2E377DE2001D483A /* PopularListItemMovie.swift in Sources */ = {isa = PBXBuildFile; fileRef = 528DA5592E377DE2001D483A /* PopularListItemMovie.swift */; };
		528DA55F2E37803D001D483A /* SearchView.swift in Sources */ = {isa = PBXBuildFile; fileRef = 528DA55E2E37803D001D483A /* SearchView.swift */; };
		528DA5612E379988001D483A /* SearchViewModel.swift in Sources */ = {isa = PBXBuildFile; fileRef = 528DA5602E379988001D483A /* SearchViewModel.swift */; };
		528DA5662E379C7A001D483A /* DetailsMovieViewModel.swift in Sources */ = {isa = PBXBuildFile; fileRef = 528DA5652E379C7A001D483A /* DetailsMovieViewModel.swift */; };
		528DA5682E37F4D4001D483A /* MovieDetailsView.swift in Sources */ = {isa = PBXBuildFile; fileRef = 528DA5672E37F4D4001D483A /* MovieDetailsView.swift */; };
		528DA56B2E3E447F001D483A /* DetailsModel.swift in Sources */ = {isa = PBXBuildFile; fileRef = 528DA56A2E3E447F001D483A /* DetailsModel.swift */; };
		528DA5702E3F8707001D483A /* AllMovieView.swift in Sources */ = {isa = PBXBuildFile; fileRef = 528DA56F2E3F8707001D483A /* AllMovieView.swift */; };
		528DA5722E40B01B001D483A /* SecondMovieDetails.swift in Sources */ = {isa = PBXBuildFile; fileRef = 528DA5712E40B01B001D483A /* SecondMovieDetails.swift */; };
		528DA5752E40B1DE001D483A /* FavoriteModel.swift in Sources */ = {isa = PBXBuildFile; fileRef = 528DA5742E40B1DE001D483A /* FavoriteModel.swift */; };
		528DA5772E40B1EC001D483A /* WatchlistMovieModel.swift in Sources */ = {isa = PBXBuildFile; fileRef = 528DA5762E40B1EC001D483A /* WatchlistMovieModel.swift */; };
		528DA5792E40B207001D483A /* MovieVideoModel.swift in Sources */ = {isa = PBXBuildFile; fileRef = 528DA5782E40B207001D483A /* MovieVideoModel.swift */; };
		528DA57B2E40B23A001D483A /* CastMemberModel.swift in Sources */ = {isa = PBXBuildFile; fileRef = 528DA57A2E40B23A001D483A /* CastMemberModel.swift */; };
		528DA57D2E40B24E001D483A /* CrewMemberModel.swift in Sources */ = {isa = PBXBuildFile; fileRef = 528DA57C2E40B24E001D483A /* CrewMemberModel.swift */; };
		528DA57F2E40B26A001D483A /* ReviewModel.swift in Sources */ = {isa = PBXBuildFile; fileRef = 528DA57E2E40B26A001D483A /* ReviewModel.swift */; };
		528DA5812E40B2F4001D483A /* MovieCredits.swift in Sources */ = {isa = PBXBuildFile; fileRef = 528DA5802E40B2F4001D483A /* MovieCredits.swift */; };
		529123712E48F77300FFDC98 /* SearchResponse.swift in Sources */ = {isa = PBXBuildFile; fileRef = 529123702E48F77300FFDC98 /* SearchResponse.swift */; };
/* End PBXBuildFile section */

/* Begin PBXFileReference section */
		521441962F13C3440037EAD5 /* FavoritesViewModel.swift */ = {isa = PBXFileReference; lastKnownFileType = sourcecode.swift; path = FavoritesViewModel.swift; sourceTree = "<group>"; };
		521441982F13CC4D0037EAD5 /* ToastView.swift */ = {isa = PBXFileReference; lastKnownFileType = sourcecode.swift; path = ToastView.swift; sourceTree = "<group>"; };
		5269A4152E40D660005E1001 /* NavigationManager.swift */ = {isa = PBXFileReference; lastKnownFileType = sourcecode.swift; path = NavigationManager.swift; sourceTree = "<group>"; };
		526AF8CE2E412F8900D2ECAF /* FavoritesView.swift */ = {isa = PBXFileReference; lastKnownFileType = sourcecode.swift; path = FavoritesView.swift; sourceTree = "<group>"; };
		526AF8D12E4137EA00D2ECAF /* CustomeHeadLine.swift */ = {isa = PBXFileReference; lastKnownFileType = sourcecode.swift; path = CustomeHeadLine.swift; sourceTree = "<group>"; };
		526AF8D32E41385800D2ECAF /* PopularMovieCard.swift */ = {isa = PBXFileReference; lastKnownFileType = sourcecode.swift; path = PopularMovieCard.swift; sourceTree = "<group>"; };
		526AF8D52E41387900D2ECAF /* NowPlayingMovieCard.swift */ = {isa = PBXFileReference; lastKnownFileType = sourcecode.swift; path = NowPlayingMovieCard.swift; sourceTree = "<group>"; };
		526AF8D72E4138A800D2ECAF /* TopRatedMovieCard.swift */ = {isa = PBXFileReference; lastKnownFileType = sourcecode.swift; path = TopRatedMovieCard.swift; sourceTree = "<group>"; };
		526AF8D92E413D6600D2ECAF /* NetworkMonitor.swift */ = {isa = PBXFileReference; lastKnownFileType = sourcecode.swift; path = NetworkMonitor.swift; sourceTree = "<group>"; };
		526AF8DC2E43534200D2ECAF /* CustomNavigationBar.swift */ = {isa = PBXFileReference; lastKnownFileType = sourcecode.swift; path = CustomNavigationBar.swift; sourceTree = "<group>"; };
		526AF8DE2E43535300D2ECAF /* HeaderImageSection.swift */ = {isa = PBXFileReference; lastKnownFileType = sourcecode.swift; path = HeaderImageSection.swift; sourceTree = "<group>"; };
		526AF8E02E43536500D2ECAF /* GenresAndRatingSection.swift */ = {isa = PBXFileReference; lastKnownFileType = sourcecode.swift; path = GenresAndRatingSection.swift; sourceTree = "<group>"; };
		526AF8E22E43537E00D2ECAF /* TitleSection.swift */ = {isa = PBXFileReference; lastKnownFileType = sourcecode.swift; path = TitleSection.swift; sourceTree = "<group>"; };
		526AF8E42E43539100D2ECAF /* OverviewSection.swift */ = {isa = PBXFileReference; lastKnownFileType = sourcecode.swift; path = OverviewSection.swift; sourceTree = "<group>"; };
		526AF8E62E4353A000D2ECAF /* ProductionCompaniesSection.swift */ = {isa = PBXFileReference; lastKnownFileType = sourcecode.swift; path = ProductionCompaniesSection.swift; sourceTree = "<group>"; };
		526AF8E82E4353B000D2ECAF /* ActionButtonsSection.swift */ = {isa = PBXFileReference; lastKnownFileType = sourcecode.swift; path = ActionButtonsSection.swift; sourceTree = "<group>"; };
		526AF8EA2E4353C600D2ECAF /* GenreChip.swift */ = {isa = PBXFileReference; lastKnownFileType = sourcecode.swift; path = GenreChip.swift; sourceTree = "<group>"; };
		526AF8EC2E4353D600D2ECAF /* RatingChip.swift */ = {isa = PBXFileReference; lastKnownFileType = sourcecode.swift; path = RatingChip.swift; sourceTree = "<group>"; };
		526AF8EE2E4353E400D2ECAF /* ProductionCompanyCard.swift */ = {isa = PBXFileReference; lastKnownFileType = sourcecode.swift; path = ProductionCompanyCard.swift; sourceTree = "<group>"; };
		526AF8F02E4353F500D2ECAF /* InfoCard.swift */ = {isa = PBXFileReference; lastKnownFileType = sourcecode.swift; path = InfoCard.swift; sourceTree = "<group>"; };
		526AF8F22E43540700D2ECAF /* LoadingView.swift */ = {isa = PBXFileReference; lastKnownFileType = sourcecode.swift; path = LoadingView.swift; sourceTree = "<group>"; };
		526AF8F42E43541700D2ECAF /* ErrorView.swift */ = {isa = PBXFileReference; lastKnownFileType = sourcecode.swift; path = ErrorView.swift; sourceTree = "<group>"; };
		526AF8F72E43544E00D2ECAF /* ShareSheet.swift */ = {isa = PBXFileReference; lastKnownFileType = sourcecode.swift; path = ShareSheet.swift; sourceTree = "<group>"; };
		5289B5F32E2E281C00E81674 /* Movies.app */ = {isa = PBXFileReference; explicitFileType = wrapper.application; includeInIndex = 0; path = Movies.app; sourceTree = BUILT_PRODUCTS_DIR; };
		5289B5F62E2E281C00E81674 /* MoviesApp.swift */ = {isa = PBXFileReference; lastKnownFileType = sourcecode.swift; path = MoviesApp.swift; sourceTree = "<group>"; };
		5289B5FA2E2E281D00E81674 /* Assets.xcassets */ = {isa = PBXFileReference; lastKnownFileType = folder.assetcatalog; path = Assets.xcassets; sourceTree = "<group>"; };
		5289B5FD2E2E281E00E81674 /* Preview Assets.xcassets */ = {isa = PBXFileReference; lastKnownFileType = folder.assetcatalog; path = "Preview Assets.xcassets"; sourceTree = "<group>"; };
		528C3EF72E3257B70073B0ED /* HomeView.swift */ = {isa = PBXFileReference; lastKnownFileType = sourcecode.swift; path = HomeView.swift; sourceTree = "<group>"; };
		528C3EFA2E3260470073B0ED /* CustomeImageIndicator.swift */ = {isa = PBXFileReference; lastKnownFileType = sourcecode.swift; path = CustomeImageIndicator.swift; sourceTree = "<group>"; };
		528C3EFC2E3269120073B0ED /* CustomeRate.swift */ = {isa = PBXFileReference; lastKnownFileType = sourcecode.swift; path = CustomeRate.swift; sourceTree = "<group>"; };
		528C3EFE2E3269530073B0ED /* CustomeItemList.swift */ = {isa = PBXFileReference; lastKnownFileType = sourcecode.swift; path = CustomeItemList.swift; sourceTree = "<group>"; };
		528C3F022E32707C0073B0ED /* MovieModel.swift */ = {isa = PBXFileReference; lastKnownFileType = sourcecode.swift; path = MovieModel.swift; sourceTree = "<group>"; };
		528C3F052E3271E30073B0ED /* Endpoints.swift */ = {isa = PBXFileReference; lastKnownFileType = sourcecode.swift; path = Endpoints.swift; sourceTree = "<group>"; };
		528C3F072E34FA020073B0ED /* HTTP.swift */ = {isa = PBXFileReference; lastKnownFileType = sourcecode.swift; path = HTTP.swift; sourceTree = "<group>"; };
		528C3F092E34FB6A0073B0ED /* APIService.swift */ = {isa = PBXFileReference; lastKnownFileType = sourcecode.swift; path = APIService.swift; sourceTree = "<group>"; };
		528C3F0B2E34FB8F0073B0ED /* NetworkManager.swift */ = {isa = PBXFileReference; lastKnownFileType = sourcecode.swift; path = NetworkManager.swift; sourceTree = "<group>"; };
		528C3F0D2E34FD5D0073B0ED /* MovieViewModel.swift */ = {isa = PBXFileReference; lastKnownFileType = sourcecode.swift; path = MovieViewModel.swift; sourceTree = "<group>"; };
		528DA5532E367B59001D483A /* ShimmerView.swift */ = {isa = PBXFileReference; lastKnownFileType = sourcecode.swift; path = ShimmerView.swift; sourceTree = "<group>"; };
		528DA5552E377090001D483A /* NowPlayingViewItem.swift */ = {isa = PBXFileReference; lastKnownFileType = sourcecode.swift; path = NowPlayingViewItem.swift; sourceTree = "<group>"; };
		528DA5572E3779CE001D483A /* TopRatedListView.swift */ = {isa = PBXFileReference; lastKnownFileType = sourcecode.swift; path = TopRatedListView.swift; sourceTree = "<group>"; };
		528DA5592E377DE2001D483A /* PopularListItemMovie.swift */ = {isa = PBXFileReference; lastKnownFileType = sourcecode.swift; path = PopularListItemMovie.swift; sourceTree = "<group>"; };
		528DA55E2E37803D001D483A /* SearchView.swift */ = {isa = PBXFileReference; lastKnownFileType = sourcecode.swift; path = SearchView.swift; sourceTree = "<group>"; };
		528DA5602E379988001D483A /* SearchViewModel.swift */ = {isa = PBXFileReference; lastKnownFileType = sourcecode.swift; path = SearchViewModel.swift; sourceTree = "<group>"; };
		528DA5652E379C7A001D483A /* DetailsMovieViewModel.swift */ = {isa = PBXFileReference; lastKnownFileType = sourcecode.swift; path = DetailsMovieViewModel.swift; sourceTree = "<group>"; };
		528DA5672E37F4D4001D483A /* MovieDetailsView.swift */ = {isa = PBXFileReference; lastKnownFileType = sourcecode.swift; path = MovieDetailsView.swift; sourceTree = "<group>"; };
		528DA56A2E3E447F001D483A /* DetailsModel.swift */ = {isa = PBXFileReference; lastKnownFileType = sourcecode.swift; path = DetailsModel.swift; sourceTree = "<group>"; };
		528DA56F2E3F8707001D483A /* AllMovieView.swift */ = {isa = PBXFileReference; lastKnownFileType = sourcecode.swift; path = AllMovieView.swift; sourceTree = "<group>"; };
		528DA5712E40B01B001D483A /* SecondMovieDetails.swift */ = {isa = PBXFileReference; lastKnownFileType = sourcecode.swift; path = SecondMovieDetails.swift; sourceTree = "<group>"; };
		528DA5742E40B1DE001D483A /* FavoriteModel.swift */ = {isa = PBXFileReference; lastKnownFileType = sourcecode.swift; path = FavoriteModel.swift; sourceTree = "<group>"; };
		528DA5762E40B1EC001D483A /* WatchlistMovieModel.swift */ = {isa = PBXFileReference; lastKnownFileType = sourcecode.swift; path = WatchlistMovieModel.swift; sourceTree = "<group>"; };
		528DA5782E40B207001D483A /* MovieVideoModel.swift */ = {isa = PBXFileReference; lastKnownFileType = sourcecode.swift; path = MovieVideoModel.swift; sourceTree = "<group>"; };
		528DA57A2E40B23A001D483A /* CastMemberModel.swift */ = {isa = PBXFileReference; lastKnownFileType = sourcecode.swift; path = CastMemberModel.swift; sourceTree = "<group>"; };
		528DA57C2E40B24E001D483A /* CrewMemberModel.swift */ = {isa = PBXFileReference; lastKnownFileType = sourcecode.swift; path = CrewMemberModel.swift; sourceTree = "<group>"; };
		528DA57E2E40B26A001D483A /* ReviewModel.swift */ = {isa = PBXFileReference; lastKnownFileType = sourcecode.swift; path = ReviewModel.swift; sourceTree = "<group>"; };
		528DA5802E40B2F4001D483A /* MovieCredits.swift */ = {isa = PBXFileReference; lastKnownFileType = sourcecode.swift; path = MovieCredits.swift; sourceTree = "<group>"; };
		529123702E48F77300FFDC98 /* SearchResponse.swift */ = {isa = PBXFileReference; lastKnownFileType = sourcecode.swift; path = SearchResponse.swift; sourceTree = "<group>"; };
/* End PBXFileReference section */

/* Begin PBXFrameworksBuildPhase section */
		5289B5F02E2E281C00E81674 /* Frameworks */ = {
			isa = PBXFrameworksBuildPhase;
			buildActionMask = 2147483647;
			files = (
			);
			runOnlyForDeploymentPostprocessing = 0;
		};
/* End PBXFrameworksBuildPhase section */

/* Begin PBXGroup section */
		521441952F13C3340037EAD5 /* ViewModel */ = {
			isa = PBXGroup;
			children = (
				521441962F13C3440037EAD5 /* FavoritesViewModel.swift */,
			);
			path = ViewModel;
			sourceTree = "<group>";
		};
		5269A4142E40D64B005E1001 /* Navigation */ = {
			isa = PBXGroup;
			children = (
				5269A4152E40D660005E1001 /* NavigationManager.swift */,
			);
			path = Navigation;
			sourceTree = "<group>";
		};
		526AF8CC2E412F6F00D2ECAF /* Favorite */ = {
			isa = PBXGroup;
			children = (
				521441952F13C3340037EAD5 /* ViewModel */,
				526AF8CD2E412F7500D2ECAF /* View */,
			);
			path = Favorite;
			sourceTree = "<group>";
		};
		526AF8CD2E412F7500D2ECAF /* View */ = {
			isa = PBXGroup;
			children = (
				526AF8CE2E412F8900D2ECAF /* FavoritesView.swift */,
			);
			path = View;
			sourceTree = "<group>";
		};
		526AF8D02E4137D900D2ECAF /* Components */ = {
			isa = PBXGroup;
			children = (
				526AF8D12E4137EA00D2ECAF /* CustomeHeadLine.swift */,
				526AF8D32E41385800D2ECAF /* PopularMovieCard.swift */,
				526AF8D52E41387900D2ECAF /* NowPlayingMovieCard.swift */,
				526AF8D72E4138A800D2ECAF /* TopRatedMovieCard.swift */,
			);
			path = Components;
			sourceTree = "<group>";
		};
		526AF8DB2E43533000D2ECAF /* Components */ = {
			isa = PBXGroup;
			children = (
				526AF8DC2E43534200D2ECAF /* CustomNavigationBar.swift */,
				526AF8DE2E43535300D2ECAF /* HeaderImageSection.swift */,
				526AF8E02E43536500D2ECAF /* GenresAndRatingSection.swift */,
				526AF8E22E43537E00D2ECAF /* TitleSection.swift */,
				526AF8E42E43539100D2ECAF /* OverviewSection.swift */,
				526AF8E62E4353A000D2ECAF /* ProductionCompaniesSection.swift */,
				526AF8E82E4353B000D2ECAF /* ActionButtonsSection.swift */,
				526AF8EA2E4353C600D2ECAF /* GenreChip.swift */,
				526AF8EC2E4353D600D2ECAF /* RatingChip.swift */,
				526AF8EE2E4353E400D2ECAF /* ProductionCompanyCard.swift */,
				526AF8F02E4353F500D2ECAF /* InfoCard.swift */,
			);
			path = Components;
			sourceTree = "<group>";
		};
		526AF8F62E43543F00D2ECAF /* Utils */ = {
			isa = PBXGroup;
			children = (
				526AF8F22E43540700D2ECAF /* LoadingView.swift */,
				526AF8F72E43544E00D2ECAF /* ShareSheet.swift */,
				526AF8F42E43541700D2ECAF /* ErrorView.swift */,
			);
			path = Utils;
			sourceTree = "<group>";
		};
		5289B5EA2E2E281C00E81674 = {
			isa = PBXGroup;
			children = (
				5289B5F52E2E281C00E81674 /* Movies */,
				5289B5F42E2E281C00E81674 /* Products */,
			);
			sourceTree = "<group>";
		};
		5289B5F42E2E281C00E81674 /* Products */ = {
			isa = PBXGroup;
			children = (
				5289B5F32E2E281C00E81674 /* Movies.app */,
			);
			name = Products;
			sourceTree = "<group>";
		};
		5289B5F52E2E281C00E81674 /* Movies */ = {
			isa = PBXGroup;
			children = (
				526AF8F62E43543F00D2ECAF /* Utils */,
				5269A4142E40D64B005E1001 /* Navigation */,
				528DA5732E40B1CE001D483A /* Models */,
				528C3F042E3271D90073B0ED /* Network */,
				528C3EF92E3260250073B0ED /* Components */,
				528C3EF22E3257930073B0ED /* Core */,
				5289B5F62E2E281C00E81674 /* MoviesApp.swift */,
				5289B5FA2E2E281D00E81674 /* Assets.xcassets */,
				5289B5FC2E2E281E00E81674 /* Preview Content */,
			);
			path = Movies;
			sourceTree = "<group>";
		};
		5289B5FC2E2E281E00E81674 /* Preview Content */ = {
			isa = PBXGroup;
			children = (
				5289B5FD2E2E281E00E81674 /* Preview Assets.xcassets */,
			);
			path = "Preview Content";
			sourceTree = "<group>";
		};
		528C3EF22E3257930073B0ED /* Core */ = {
			isa = PBXGroup;
			children = (
				526AF8CC2E412F6F00D2ECAF /* Favorite */,
				528DA56C2E3F86C6001D483A /* AllMovieView */,
				528DA5622E379C5B001D483A /* DetailsView */,
				528DA55B2E378019001D483A /* Search */,
				528C3EF32E32579E0073B0ED /* Home */,
			);
			path = Core;
			sourceTree = "<group>";
		};
		528C3EF32E32579E0073B0ED /* Home */ = {
			isa = PBXGroup;
			children = (
				526AF8D02E4137D900D2ECAF /* Components */,
				528C3EF62E3257AC0073B0ED /* ViewModel */,
				528C3EF52E3257A80073B0ED /* Model */,
				528C3EF42E3257A40073B0ED /* View */,
			);
			path = Home;
			sourceTree = "<group>";
		};
		528C3EF42E3257A40073B0ED /* View */ = {
			isa = PBXGroup;
			children = (
				528C3EF72E3257B70073B0ED /* HomeView.swift */,
				528DA5552E377090001D483A /* NowPlayingViewItem.swift */,
				528DA5572E3779CE001D483A /* TopRatedListView.swift */,
				528DA5592E377DE2001D483A /* PopularListItemMovie.swift */,
			);
			path = View;
			sourceTree = "<group>";
		};
		528C3EF52E3257A80073B0ED /* Model */ = {
			isa = PBXGroup;
			children = (
				528C3F022E32707C0073B0ED /* MovieModel.swift */,
			);
			path = Model;
			sourceTree = "<group>";
		};
		528C3EF62E3257AC0073B0ED /* ViewModel */ = {
			isa = PBXGroup;
			children = (
				528C3F0D2E34FD5D0073B0ED /* MovieViewModel.swift */,
			);
			path = ViewModel;
			sourceTree = "<group>";
		};
		528C3EF92E3260250073B0ED /* Components */ = {
			isa = PBXGroup;
			children = (
				528C3EFA2E3260470073B0ED /* CustomeImageIndicator.swift */,
				528C3EFC2E3269120073B0ED /* CustomeRate.swift */,
				528C3EFE2E3269530073B0ED /* CustomeItemList.swift */,
				528DA5532E367B59001D483A /* ShimmerView.swift */,
				521441982F13CC4D0037EAD5 /* ToastView.swift */,
			);
			path = Components;
			sourceTree = "<group>";
		};
		528C3F042E3271D90073B0ED /* Network */ = {
			isa = PBXGroup;
			children = (
				528C3F052E3271E30073B0ED /* Endpoints.swift */,
				528C3F072E34FA020073B0ED /* HTTP.swift */,
				528C3F092E34FB6A0073B0ED /* APIService.swift */,
				528C3F0B2E34FB8F0073B0ED /* NetworkManager.swift */,
				526AF8D92E413D6600D2ECAF /* NetworkMonitor.swift */,
			);
			path = Network;
			sourceTree = "<group>";
		};
		528DA55B2E378019001D483A /* Search */ = {
			isa = PBXGroup;
			children = (
				5291236F2E48F74600FFDC98 /* Model */,
				528DA55D2E378031001D483A /* ViewModel */,
				528DA55C2E37802B001D483A /* View */,
			);
			path = Search;
			sourceTree = "<group>";
		};
		528DA55C2E37802B001D483A /* View */ = {
			isa = PBXGroup;
			children = (
				528DA55E2E37803D001D483A /* SearchView.swift */,
			);
			path = View;
			sourceTree = "<group>";
		};
		528DA55D2E378031001D483A /* ViewModel */ = {
			isa = PBXGroup;
			children = (
				528DA5602E379988001D483A /* SearchViewModel.swift */,
			);
			path = ViewModel;
			sourceTree = "<group>";
		};
		528DA5622E379C5B001D483A /* DetailsView */ = {
			isa = PBXGroup;
			children = (
				526AF8DB2E43533000D2ECAF /* Components */,
				528DA5692E3E4471001D483A /* Model */,
				528DA5642E379C66001D483A /* ViewModel */,
				528DA5632E379C62001D483A /* View */,
			);
			path = DetailsView;
			sourceTree = "<group>";
		};
		528DA5632E379C62001D483A /* View */ = {
			isa = PBXGroup;
			children = (
				528DA5672E37F4D4001D483A /* MovieDetailsView.swift */,
				528DA5712E40B01B001D483A /* SecondMovieDetails.swift */,
			);
			path = View;
			sourceTree = "<group>";
		};
		528DA5642E379C66001D483A /* ViewModel */ = {
			isa = PBXGroup;
			children = (
				528DA5652E379C7A001D483A /* DetailsMovieViewModel.swift */,
			);
			path = ViewModel;
			sourceTree = "<group>";
		};
		528DA5692E3E4471001D483A /* Model */ = {
			isa = PBXGroup;
			children = (
				528DA56A2E3E447F001D483A /* DetailsModel.swift */,
			);
			path = Model;
			sourceTree = "<group>";
		};
		528DA56C2E3F86C6001D483A /* AllMovieView */ = {
			isa = PBXGroup;
			children = (
				528DA56E2E3F86EE001D483A /* View */,
				528DA56D2E3F86E9001D483A /* ViewModel */,
			);
			path = AllMovieView;
			sourceTree = "<group>";
		};
		528DA56D2E3F86E9001D483A /* ViewModel */ = {
			isa = PBXGroup;
			children = (
			);
			path = ViewModel;
			sourceTree = "<group>";
		};
		528DA56E2E3F86EE001D483A /* View */ = {
			isa = PBXGroup;
			children = (
				528DA56F2E3F8707001D483A /* AllMovieView.swift */,
			);
			path = View;
			sourceTree = "<group>";
		};
		528DA5732E40B1CE001D483A /* Models */ = {
			isa = PBXGroup;
			children = (
				528DA5742E40B1DE001D483A /* FavoriteModel.swift */,
				528DA5762E40B1EC001D483A /* WatchlistMovieModel.swift */,
				528DA5782E40B207001D483A /* MovieVideoModel.swift */,
				528DA57A2E40B23A001D483A /* CastMemberModel.swift */,
				528DA57C2E40B24E001D483A /* CrewMemberModel.swift */,
				528DA57E2E40B26A001D483A /* ReviewModel.swift */,
				528DA5802E40B2F4001D483A /* MovieCredits.swift */,
			);
			path = Models;
			sourceTree = "<group>";
		};
		5291236F2E48F74600FFDC98 /* Model */ = {
			isa = PBXGroup;
			children = (
				529123702E48F77300FFDC98 /* SearchResponse.swift */,
			);
			path = Model;
			sourceTree = "<group>";
		};
/* End PBXGroup section */

/* Begin PBXNativeTarget section */
		5289B5F22E2E281C00E81674 /* Movies */ = {
			isa = PBXNativeTarget;
			buildConfigurationList = 5289B6012E2E281E00E81674 /* Build configuration list for PBXNativeTarget "Movies" */;
			buildPhases = (
				5289B5EF2E2E281C00E81674 /* Sources */,
				5289B5F02E2E281C00E81674 /* Frameworks */,
				5289B5F12E2E281C00E81674 /* Resources */,
			);
			buildRules = (
			);
			dependencies = (
			);
			name = Movies;
			productName = Movies;
			productReference = 5289B5F32E2E281C00E81674 /* Movies.app */;
			productType = "com.apple.product-type.application";
		};
/* End PBXNativeTarget section */

/* Begin PBXProject section */
		5289B5EB2E2E281C00E81674 /* Project object */ = {
			isa = PBXProject;
			attributes = {
				BuildIndependentTargetsInParallel = 1;
				LastSwiftUpdateCheck = 1420;
				LastUpgradeCheck = 1420;
				TargetAttributes = {
					5289B5F22E2E281C00E81674 = {
						CreatedOnToolsVersion = 14.2;
					};
				};
			};
			buildConfigurationList = 5289B5EE2E2E281C00E81674 /* Build configuration list for PBXProject "Movies" */;
			compatibilityVersion = "Xcode 14.0";
			developmentRegion = en;
			hasScannedForEncodings = 0;
			knownRegions = (
				en,
				Base,
			);
			mainGroup = 5289B5EA2E2E281C00E81674;
			productRefGroup = 5289B5F42E2E281C00E81674 /* Products */;
			projectDirPath = "";
			projectRoot = "";
			targets = (
				5289B5F22E2E281C00E81674 /* Movies */,
			);
		};
/* End PBXProject section */

/* Begin PBXResourcesBuildPhase section */
		5289B5F12E2E281C00E81674 /* Resources */ = {
			isa = PBXResourcesBuildPhase;
			buildActionMask = 2147483647;
			files = (
				5289B5FE2E2E281E00E81674 /* Preview Assets.xcassets in Resources */,
				5289B5FB2E2E281D00E81674 /* Assets.xcassets in Resources */,
			);
			runOnlyForDeploymentPostprocessing = 0;
		};
/* End PBXResourcesBuildPhase section */

/* Begin PBXSourcesBuildPhase section */
		5289B5EF2E2E281C00E81674 /* Sources */ = {
			isa = PBXSourcesBuildPhase;
			buildActionMask = 2147483647;
			files = (
				526AF8D42E41385800D2ECAF /* PopularMovieCard.swift in Sources */,
				526AF8F12E4353F500D2ECAF /* InfoCard.swift in Sources */,
				528C3F082E34FA020073B0ED /* HTTP.swift in Sources */,
				528C3F032E32707C0073B0ED /* MovieModel.swift in Sources */,
				526AF8D82E4138A800D2ECAF /* TopRatedMovieCard.swift in Sources */,
				526AF8F32E43540700D2ECAF /* LoadingView.swift in Sources */,
				528DA57D2E40B24E001D483A /* CrewMemberModel.swift in Sources */,
				526AF8D62E41387900D2ECAF /* NowPlayingMovieCard.swift in Sources */,
				526AF8DF2E43535300D2ECAF /* HeaderImageSection.swift in Sources */,
				526AF8DD2E43534200D2ECAF /* CustomNavigationBar.swift in Sources */,
				528DA5542E367B59001D483A /* ShimmerView.swift in Sources */,
				526AF8F82E43544E00D2ECAF /* ShareSheet.swift in Sources */,
				528DA5702E3F8707001D483A /* AllMovieView.swift in Sources */,
				528DA57B2E40B23A001D483A /* CastMemberModel.swift in Sources */,
				528DA55A2E377DE2001D483A /* PopularListItemMovie.swift in Sources */,
				526AF8E72E4353A000D2ECAF /* ProductionCompaniesSection.swift in Sources */,
				528DA56B2E3E447F001D483A /* DetailsModel.swift in Sources */,
				528DA5562E377090001D483A /* NowPlayingViewItem.swift in Sources */,
				5269A4162E40D660005E1001 /* NavigationManager.swift in Sources */,
				528C3EF82E3257B70073B0ED /* HomeView.swift in Sources */,
				528DA5792E40B207001D483A /* MovieVideoModel.swift in Sources */,
				528DA5612E379988001D483A /* SearchViewModel.swift in Sources */,
				526AF8E92E4353B000D2ECAF /* ActionButtonsSection.swift in Sources */,
				528DA55F2E37803D001D483A /* SearchView.swift in Sources */,
				528C3EFD2E3269120073B0ED /* CustomeRate.swift in Sources */,
				526AF8E32E43537E00D2ECAF /* TitleSection.swift in Sources */,
				528C3F0C2E34FB8F0073B0ED /* NetworkManager.swift in Sources */,
				528DA5812E40B2F4001D483A /* MovieCredits.swift in Sources */,
				528C3EFB2E3260470073B0ED /* CustomeImageIndicator.swift in Sources */,
				529123712E48F77300FFDC98 /* SearchResponse.swift in Sources */,
				528DA5772E40B1EC001D483A /* WatchlistMovieModel.swift in Sources */,
				5289B5F72E2E281C00E81674 /* MoviesApp.swift in Sources */,
				526AF8E52E43539100D2ECAF /* OverviewSection.swift in Sources */,
				528DA5662E379C7A001D483A /* DetailsMovieViewModel.swift in Sources */,
				526AF8F52E43541700D2ECAF /* ErrorView.swift in Sources */,
				528DA5752E40B1DE001D483A /* FavoriteModel.swift in Sources */,
				526AF8DA2E413D6600D2ECAF /* NetworkMonitor.swift in Sources */,
				528C3F0A2E34FB6A0073B0ED /* APIService.swift in Sources */,
				521441972F13C3440037EAD5 /* FavoritesViewModel.swift in Sources */,
				526AF8ED2E4353D600D2ECAF /* RatingChip.swift in Sources */,
				528DA5682E37F4D4001D483A /* MovieDetailsView.swift in Sources */,
				528DA5582E3779CE001D483A /* TopRatedListView.swift in Sources */,
				528DA5722E40B01B001D483A /* SecondMovieDetails.swift in Sources */,
				526AF8E12E43536500D2ECAF /* GenresAndRatingSection.swift in Sources */,
				528C3EFF2E3269530073B0ED /* CustomeItemList.swift in Sources */,
				526AF8CF2E412F8900D2ECAF /* FavoritesView.swift in Sources */,
				528C3F062E3271E30073B0ED /* Endpoints.swift in Sources */,
				528C3F0E2E34FD5D0073B0ED /* MovieViewModel.swift in Sources */,
				526AF8D22E4137EA00D2ECAF /* CustomeHeadLine.swift in Sources */,
				528DA57F2E40B26A001D483A /* ReviewModel.swift in Sources */,
				526AF8EF2E4353E400D2ECAF /* ProductionCompanyCard.swift in Sources */,
				521441992F13CC4D0037EAD5 /* ToastView.swift in Sources */,
				526AF8EB2E4353C600D2ECAF /* GenreChip.swift in Sources */,
			);
			runOnlyForDeploymentPostprocessing = 0;
		};
/* End PBXSourcesBuildPhase section */

/* Begin XCBuildConfiguration section */
		5289B5FF2E2E281E00E81674 /* Debug */ = {
			isa = XCBuildConfiguration;
			buildSettings = {
				ALWAYS_SEARCH_USER_PATHS = NO;
				CLANG_ANALYZER_NONNULL = YES;
				CLANG_ANALYZER_NUMBER_OBJECT_CONVERSION = YES_AGGRESSIVE;
				CLANG_CXX_LANGUAGE_STANDARD = "gnu++20";
				CLANG_ENABLE_MODULES = YES;
				CLANG_ENABLE_OBJC_ARC = YES;
				CLANG_ENABLE_OBJC_WEAK = YES;
				CLANG_WARN_BLOCK_CAPTURE_AUTORELEASING = YES;
				CLANG_WARN_BOOL_CONVERSION = YES;
				CLANG_WARN_COMMA = YES;
				CLANG_WARN_CONSTANT_CONVERSION = YES;
				CLANG_WARN_DEPRECATED_OBJC_IMPLEMENTATIONS = YES;
				CLANG_WARN_DIRECT_OBJC_ISA_USAGE = YES_ERROR;
				CLANG_WARN_DOCUMENTATION_COMMENTS = YES;
				CLANG_WARN_EMPTY_BODY = YES;
				CLANG_WARN_ENUM_CONVERSION = YES;
				CLANG_WARN_INFINITE_RECURSION = YES;
				CLANG_WARN_INT_CONVERSION = YES;
				CLANG_WARN_NON_LITERAL_NULL_CONVERSION = YES;
				CLANG_WARN_OBJC_IMPLICIT_RETAIN_SELF = YES;
				CLANG_WARN_OBJC_LITERAL_CONVERSION = YES;
				CLANG_WARN_OBJC_ROOT_CLASS = YES_ERROR;
				CLANG_WARN_QUOTED_INCLUDE_IN_FRAMEWORK_HEADER = YES;
				CLANG_WARN_RANGE_LOOP_ANALYSIS = YES;
				CLANG_WARN_STRICT_PROTOTYPES = YES;
				CLANG_WARN_SUSPICIOUS_MOVE = YES;
				CLANG_WARN_UNGUARDED_AVAILABILITY = YES_AGGRESSIVE;
				CLANG_WARN_UNREACHABLE_CODE = YES;
				CLANG_WARN__DUPLICATE_METHOD_MATCH = YES;
				COPY_PHASE_STRIP = NO;
				DEBUG_INFORMATION_FORMAT = dwarf;
				ENABLE_STRICT_OBJC_MSGSEND = YES;
				ENABLE_TESTABILITY = YES;
				GCC_C_LANGUAGE_STANDARD = gnu11;
				GCC_DYNAMIC_NO_PIC = NO;
				GCC_NO_COMMON_BLOCKS = YES;
				GCC_OPTIMIZATION_LEVEL = 0;
				GCC_PREPROCESSOR_DEFINITIONS = (
					"DEBUG=1",
					"$(inherited)",
				);
				GCC_WARN_64_TO_32_BIT_CONVERSION = YES;
				GCC_WARN_ABOUT_RETURN_TYPE = YES_ERROR;
				GCC_WARN_UNDECLARED_SELECTOR = YES;
				GCC_WARN_UNINITIALIZED_AUTOS = YES_AGGRESSIVE;
				GCC_WARN_UNUSED_FUNCTION = YES;
				GCC_WARN_UNUSED_VARIABLE = YES;
				IPHONEOS_DEPLOYMENT_TARGET = 16.2;
				MTL_ENABLE_DEBUG_INFO = INCLUDE_SOURCE;
				MTL_FAST_MATH = YES;
				ONLY_ACTIVE_ARCH = YES;
				SDKROOT = iphoneos;
				SWIFT_ACTIVE_COMPILATION_CONDITIONS = DEBUG;
				SWIFT_OPTIMIZATION_LEVEL = "-Onone";
			};
			name = Debug;
		};
		5289B6002E2E281E00E81674 /* Release */ = {
			isa = XCBuildConfiguration;
			buildSettings = {
				ALWAYS_SEARCH_USER_PATHS = NO;
				CLANG_ANALYZER_NONNULL = YES;
				CLANG_ANALYZER_NUMBER_OBJECT_CONVERSION = YES_AGGRESSIVE;
				CLANG_CXX_LANGUAGE_STANDARD = "gnu++20";
				CLANG_ENABLE_MODULES = YES;
				CLANG_ENABLE_OBJC_ARC = YES;
				CLANG_ENABLE_OBJC_WEAK = YES;
				CLANG_WARN_BLOCK_CAPTURE_AUTORELEASING = YES;
				CLANG_WARN_BOOL_CONVERSION = YES;
				CLANG_WARN_COMMA = YES;
				CLANG_WARN_CONSTANT_CONVERSION = YES;
				CLANG_WARN_DEPRECATED_OBJC_IMPLEMENTATIONS = YES;
				CLANG_WARN_DIRECT_OBJC_ISA_USAGE = YES_ERROR;
				CLANG_WARN_DOCUMENTATION_COMMENTS = YES;
				CLANG_WARN_EMPTY_BODY = YES;
				CLANG_WARN_ENUM_CONVERSION = YES;
				CLANG_WARN_INFINITE_RECURSION = YES;
				CLANG_WARN_INT_CONVERSION = YES;
				CLANG_WARN_NON_LITERAL_NULL_CONVERSION = YES;
				CLANG_WARN_OBJC_IMPLICIT_RETAIN_SELF = YES;
				CLANG_WARN_OBJC_LITERAL_CONVERSION = YES;
				CLANG_WARN_OBJC_ROOT_CLASS = YES_ERROR;
				CLANG_WARN_QUOTED_INCLUDE_IN_FRAMEWORK_HEADER = YES;
				CLANG_WARN_RANGE_LOOP_ANALYSIS = YES;
				CLANG_WARN_STRICT_PROTOTYPES = YES;
				CLANG_WARN_SUSPICIOUS_MOVE = YES;
				CLANG_WARN_UNGUARDED_AVAILABILITY = YES_AGGRESSIVE;
				CLANG_WARN_UNREACHABLE_CODE = YES;
				CLANG_WARN__DUPLICATE_METHOD_MATCH = YES;
				COPY_PHASE_STRIP = NO;
				DEBUG_INFORMATION_FORMAT = "dwarf-with-dsym";
				ENABLE_NS_ASSERTIONS = NO;
				ENABLE_STRICT_OBJC_MSGSEND = YES;
				GCC_C_LANGUAGE_STANDARD = gnu11;
				GCC_NO_COMMON_BLOCKS = YES;
				GCC_WARN_64_TO_32_BIT_CONVERSION = YES;
				GCC_WARN_ABOUT_RETURN_TYPE = YES_ERROR;
				GCC_WARN_UNDECLARED_SELECTOR = YES;
				GCC_WARN_UNINITIALIZED_AUTOS = YES_AGGRESSIVE;
				GCC_WARN_UNUSED_FUNCTION = YES;
				GCC_WARN_UNUSED_VARIABLE = YES;
				IPHONEOS_DEPLOYMENT_TARGET = 16.2;
				MTL_ENABLE_DEBUG_INFO = NO;
				MTL_FAST_MATH = YES;
				SDKROOT = iphoneos;
				SWIFT_COMPILATION_MODE = wholemodule;
				SWIFT_OPTIMIZATION_LEVEL = "-O";
				VALIDATE_PRODUCT = YES;
			};
			name = Release;
		};
		5289B6022E2E281E00E81674 /* Debug */ = {
			isa = XCBuildConfiguration;
			buildSettings = {
				ASSETCATALOG_COMPILER_APPICON_NAME = AppIcon;
				ASSETCATALOG_COMPILER_GLOBAL_ACCENT_COLOR_NAME = AccentColor;
				CODE_SIGN_STYLE = Automatic;
				CURRENT_PROJECT_VERSION = 1;
				DEVELOPMENT_ASSET_PATHS = "\"Movies/Preview Content\"";
				DEVELOPMENT_TEAM = 74933M5YKJ;
				ENABLE_PREVIEWS = YES;
				GENERATE_INFOPLIST_FILE = YES;
				INFOPLIST_KEY_UIApplicationSceneManifest_Generation = YES;
				INFOPLIST_KEY_UIApplicationSupportsIndirectInputEvents = YES;
				INFOPLIST_KEY_UILaunchScreen_Generation = YES;
				INFOPLIST_KEY_UISupportedInterfaceOrientations = UIInterfaceOrientationPortrait;
				IPHONEOS_DEPLOYMENT_TARGET = 16.0;
				LD_RUNPATH_SEARCH_PATHS = (
					"$(inherited)",
					"@executable_path/Frameworks",
				);
				MARKETING_VERSION = 1.0;
				PRODUCT_BUNDLE_IDENTIFIER = com.omar.Movies;
				PRODUCT_NAME = "$(TARGET_NAME)";
				SWIFT_EMIT_LOC_STRINGS = YES;
				SWIFT_VERSION = 5.0;
				TARGETED_DEVICE_FAMILY = "1,2";
			};
			name = Debug;
		};
		5289B6032E2E281E00E81674 /* Release */ = {
			isa = XCBuildConfiguration;
			buildSettings = {
				ASSETCATALOG_COMPILER_APPICON_NAME = AppIcon;
				ASSETCATALOG_COMPILER_GLOBAL_ACCENT_COLOR_NAME = AccentColor;
				CODE_SIGN_STYLE = Automatic;
				CURRENT_PROJECT_VERSION = 1;
				DEVELOPMENT_ASSET_PATHS = "\"Movies/Preview Content\"";
				DEVELOPMENT_TEAM = 74933M5YKJ;
				ENABLE_PREVIEWS = YES;
				GENERATE_INFOPLIST_FILE = YES;
				INFOPLIST_KEY_UIApplicationSceneManifest_Generation = YES;
				INFOPLIST_KEY_UIApplicationSupportsIndirectInputEvents = YES;
				INFOPLIST_KEY_UILaunchScreen_Generation = YES;
				INFOPLIST_KEY_UISupportedInterfaceOrientations = UIInterfaceOrientationPortrait;
				IPHONEOS_DEPLOYMENT_TARGET = 16.0;
				LD_RUNPATH_SEARCH_PATHS = (
					"$(inherited)",
					"@executable_path/Frameworks",
				);
				MARKETING_VERSION = 1.0;
				PRODUCT_BUNDLE_IDENTIFIER = com.omar.Movies;
				PRODUCT_NAME = "$(TARGET_NAME)";
				SWIFT_EMIT_LOC_STRINGS = YES;
				SWIFT_VERSION = 5.0;
				TARGETED_DEVICE_FAMILY = "1,2";
			};
			name = Release;
		};
/* End XCBuildConfiguration section */

/* Begin XCConfigurationList section */
		5289B5EE2E2E281C00E81674 /* Build configuration list for PBXProject "Movies" */ = {
			isa = XCConfigurationList;
			buildConfigurations = (
				5289B5FF2E2E281E00E81674 /* Debug */,
				5289B6002E2E281E00E81674 /* Release */,
			);
			defaultConfigurationIsVisible = 0;
			defaultConfigurationName = Release;
		};
		5289B6012E2E281E00E81674 /* Build configuration list for PBXNativeTarget "Movies" */ = {
			isa = XCConfigurationList;
			buildConfigurations = (
				5289B6022E2E281E00E81674 /* Debug */,
				5289B6032E2E281E00E81674 /* Release */,
			);
			defaultConfigurationIsVisible = 0;
			defaultConfigurationName = Release;
		};
/* End XCConfigurationList section */
	};
	rootObject = 5289B5EB2E2E281C00E81674 /* Project object */;
}
